// !$*UTF8*$!
{
	archiveVersion = 1;
	classes = {
	};
	objectVersion = 50;
	objects = {

/* Begin PBXBuildFile section */
		061B157627938D890037298D /* UIViewController+Extension.swift in Sources */ = {isa = PBXBuildFile; fileRef = 061B157527938D890037298D /* UIViewController+Extension.swift */; };
		061B157827938ED60037298D /* UserDefaults+Extension.swift in Sources */ = {isa = PBXBuildFile; fileRef = 061B157727938ED60037298D /* UserDefaults+Extension.swift */; };
		06708A4427A30B4E00D3E414 /* API+ImageExtension.swift in Sources */ = {isa = PBXBuildFile; fileRef = 06708A4327A30B4E00D3E414 /* API+ImageExtension.swift */; };
		069405712799EDED009F8BD4 /* Local.swift in Sources */ = {isa = PBXBuildFile; fileRef = 069405702799EDED009F8BD4 /* Local.swift */; };
		069405742799EE33009F8BD4 /* APIError.swift in Sources */ = {isa = PBXBuildFile; fileRef = 069405732799EE33009F8BD4 /* APIError.swift */; };
		069405762799EE56009F8BD4 /* APIManeger.swift in Sources */ = {isa = PBXBuildFile; fileRef = 069405752799EE56009F8BD4 /* APIManeger.swift */; };
		069405792799EEF5009F8BD4 /* Items.swift in Sources */ = {isa = PBXBuildFile; fileRef = 069405782799EEF5009F8BD4 /* Items.swift */; };
		0694057B2799EF07009F8BD4 /* LocaisInfo.swift in Sources */ = {isa = PBXBuildFile; fileRef = 0694057A2799EF07009F8BD4 /* LocaisInfo.swift */; };
		069F138C26A5F73400DF12DF /* AppDelegate.swift in Sources */ = {isa = PBXBuildFile; fileRef = 069F138B26A5F73400DF12DF /* AppDelegate.swift */; };
		069F138E26A5F73400DF12DF /* SceneDelegate.swift in Sources */ = {isa = PBXBuildFile; fileRef = 069F138D26A5F73400DF12DF /* SceneDelegate.swift */; };
		069F139326A5F73400DF12DF /* Main.storyboard in Resources */ = {isa = PBXBuildFile; fileRef = 069F139126A5F73400DF12DF /* Main.storyboard */; };
		069F139526A5F73500DF12DF /* Assets.xcassets in Resources */ = {isa = PBXBuildFile; fileRef = 069F139426A5F73500DF12DF /* Assets.xcassets */; };
		069F139826A5F73500DF12DF /* LaunchScreen.storyboard in Resources */ = {isa = PBXBuildFile; fileRef = 069F139626A5F73500DF12DF /* LaunchScreen.storyboard */; };
		069FB6EA26A61E72009FE0CC /* DetailViewController.swift in Sources */ = {isa = PBXBuildFile; fileRef = 069FB6E926A61E72009FE0CC /* DetailViewController.swift */; };
		069FB6EC26A61E86009FE0CC /* MapsViewController.swift in Sources */ = {isa = PBXBuildFile; fileRef = 069FB6EB26A61E86009FE0CC /* MapsViewController.swift */; };
		069FB6EF26A61E98009FE0CC /* aboutTheAppViewController.swift in Sources */ = {isa = PBXBuildFile; fileRef = 069FB6EE26A61E98009FE0CC /* aboutTheAppViewController.swift */; };
		069FB6F126A6258E009FE0CC /* DiscoverViewController.swift in Sources */ = {isa = PBXBuildFile; fileRef = 069FB6F026A6258E009FE0CC /* DiscoverViewController.swift */; };
		06AADFE026B1C16E00CEB6CF /* formsPage.swift in Sources */ = {isa = PBXBuildFile; fileRef = 06AADFDF26B1C16E00CEB6CF /* formsPage.swift */; };
		06ED60A927911EFC00078DD1 /* OnboardingViewController.swift in Sources */ = {isa = PBXBuildFile; fileRef = 06ED60A827911EFC00078DD1 /* OnboardingViewController.swift */; };
		06ED60AC2791237700078DD1 /* UIView+Extension.swift in Sources */ = {isa = PBXBuildFile; fileRef = 06ED60AB2791237700078DD1 /* UIView+Extension.swift */; };
		06ED60B0279126F200078DD1 /* OnboardingCollectionViewCell.swift in Sources */ = {isa = PBXBuildFile; fileRef = 06ED60AF279126F200078DD1 /* OnboardingCollectionViewCell.swift */; };
		215A88932799F7F000A5306A /* ErrorViewController.swift in Sources */ = {isa = PBXBuildFile; fileRef = 215A88922799F7F000A5306A /* ErrorViewController.swift */; };
/* End PBXBuildFile section */

/* Begin PBXFileReference section */
		061B157527938D890037298D /* UIViewController+Extension.swift */ = {isa = PBXFileReference; lastKnownFileType = sourcecode.swift; path = "UIViewController+Extension.swift"; sourceTree = "<group>"; };
		061B157727938ED60037298D /* UserDefaults+Extension.swift */ = {isa = PBXFileReference; lastKnownFileType = sourcecode.swift; path = "UserDefaults+Extension.swift"; sourceTree = "<group>"; };
		06708A4327A30B4E00D3E414 /* API+ImageExtension.swift */ = {isa = PBXFileReference; lastKnownFileType = sourcecode.swift; path = "API+ImageExtension.swift"; sourceTree = "<group>"; };
		069405702799EDED009F8BD4 /* Local.swift */ = {isa = PBXFileReference; lastKnownFileType = sourcecode.swift; path = Local.swift; sourceTree = "<group>"; };
		069405732799EE33009F8BD4 /* APIError.swift */ = {isa = PBXFileReference; lastKnownFileType = sourcecode.swift; path = APIError.swift; sourceTree = "<group>"; };
		069405752799EE56009F8BD4 /* APIManeger.swift */ = {isa = PBXFileReference; lastKnownFileType = sourcecode.swift; path = APIManeger.swift; sourceTree = "<group>"; };
		069405782799EEF5009F8BD4 /* Items.swift */ = {isa = PBXFileReference; lastKnownFileType = sourcecode.swift; path = Items.swift; sourceTree = "<group>"; };
		0694057A2799EF07009F8BD4 /* LocaisInfo.swift */ = {isa = PBXFileReference; lastKnownFileType = sourcecode.swift; path = LocaisInfo.swift; sourceTree = "<group>"; };
		069F138826A5F73400DF12DF /* perifaAPP.app */ = {isa = PBXFileReference; explicitFileType = wrapper.application; includeInIndex = 0; path = perifaAPP.app; sourceTree = BUILT_PRODUCTS_DIR; };
		069F138B26A5F73400DF12DF /* AppDelegate.swift */ = {isa = PBXFileReference; lastKnownFileType = sourcecode.swift; path = AppDelegate.swift; sourceTree = "<group>"; };
		069F138D26A5F73400DF12DF /* SceneDelegate.swift */ = {isa = PBXFileReference; lastKnownFileType = sourcecode.swift; path = SceneDelegate.swift; sourceTree = "<group>"; };
		069F139226A5F73400DF12DF /* Base */ = {isa = PBXFileReference; lastKnownFileType = file.storyboard; name = Base; path = Base.lproj/Main.storyboard; sourceTree = "<group>"; };
		069F139426A5F73500DF12DF /* Assets.xcassets */ = {isa = PBXFileReference; lastKnownFileType = folder.assetcatalog; path = Assets.xcassets; sourceTree = "<group>"; };
		069F139726A5F73500DF12DF /* Base */ = {isa = PBXFileReference; lastKnownFileType = file.storyboard; name = Base; path = Base.lproj/LaunchScreen.storyboard; sourceTree = "<group>"; };
		069F139926A5F73500DF12DF /* Info.plist */ = {isa = PBXFileReference; lastKnownFileType = text.plist.xml; path = Info.plist; sourceTree = "<group>"; };
		069FB6E926A61E72009FE0CC /* DetailViewController.swift */ = {isa = PBXFileReference; lastKnownFileType = sourcecode.swift; path = DetailViewController.swift; sourceTree = "<group>"; };
		069FB6EB26A61E86009FE0CC /* MapsViewController.swift */ = {isa = PBXFileReference; lastKnownFileType = sourcecode.swift; path = MapsViewController.swift; sourceTree = "<group>"; };
		069FB6EE26A61E98009FE0CC /* aboutTheAppViewController.swift */ = {isa = PBXFileReference; lastKnownFileType = sourcecode.swift; path = aboutTheAppViewController.swift; sourceTree = "<group>"; };
		069FB6F026A6258E009FE0CC /* DiscoverViewController.swift */ = {isa = PBXFileReference; lastKnownFileType = sourcecode.swift; path = DiscoverViewController.swift; sourceTree = "<group>"; };
		06AADFDF26B1C16E00CEB6CF /* formsPage.swift */ = {isa = PBXFileReference; lastKnownFileType = sourcecode.swift; path = formsPage.swift; sourceTree = "<group>"; };
		06ED60A827911EFC00078DD1 /* OnboardingViewController.swift */ = {isa = PBXFileReference; lastKnownFileType = sourcecode.swift; path = OnboardingViewController.swift; sourceTree = "<group>"; };
		06ED60AB2791237700078DD1 /* UIView+Extension.swift */ = {isa = PBXFileReference; lastKnownFileType = sourcecode.swift; path = "UIView+Extension.swift"; sourceTree = "<group>"; };
		06ED60AF279126F200078DD1 /* OnboardingCollectionViewCell.swift */ = {isa = PBXFileReference; lastKnownFileType = sourcecode.swift; path = OnboardingCollectionViewCell.swift; sourceTree = "<group>"; };
		215A88922799F7F000A5306A /* ErrorViewController.swift */ = {isa = PBXFileReference; lastKnownFileType = sourcecode.swift; path = ErrorViewController.swift; sourceTree = "<group>"; };
/* End PBXFileReference section */

/* Begin PBXFrameworksBuildPhase section */
		069F138526A5F73400DF12DF /* Frameworks */ = {
			isa = PBXFrameworksBuildPhase;
			buildActionMask = 2147483647;
			files = (
			);
			runOnlyForDeploymentPostprocessing = 0;
		};
/* End PBXFrameworksBuildPhase section */

/* Begin PBXGroup section */
		0621FAC226A5FFEA005BA5E4 /* Storyboard */ = {
			isa = PBXGroup;
			children = (
				069F139126A5F73400DF12DF /* Main.storyboard */,
			);
			path = Storyboard;
			sourceTree = "<group>";
		};
		0621FAC426A60016005BA5E4 /* Delegates */ = {
			isa = PBXGroup;
			children = (
				069F138B26A5F73400DF12DF /* AppDelegate.swift */,
				069F138D26A5F73400DF12DF /* SceneDelegate.swift */,
			);
			path = Delegates;
			sourceTree = "<group>";
		};
		0621FAC526A60064005BA5E4 /* Views */ = {
			isa = PBXGroup;
			children = (
				06ED60A727911EDD00078DD1 /* Onboarding */,
				06DD1E9D26AB7AAB003A1F87 /* Página 1 - Descubra e Expansão */,
				06DD1E9E26AB7ACB003A1F87 /* Página 2 - Perto de Mim */,
				06DD1E9F26AB7AF1003A1F87 /* Página 3 - Sobre */,
			);
			path = Views;
			sourceTree = "<group>";
		};
		0694056F2799EDE2009F8BD4 /* Modal */ = {
			isa = PBXGroup;
			children = (
				069405702799EDED009F8BD4 /* Local.swift */,
			);
			path = Modal;
			sourceTree = "<group>";
		};
		069405722799EE26009F8BD4 /* API */ = {
			isa = PBXGroup;
			children = (
				069405732799EE33009F8BD4 /* APIError.swift */,
				069405752799EE56009F8BD4 /* APIManeger.swift */,
				069405772799EEE5009F8BD4 /* Modal */,
			);
			path = API;
			sourceTree = "<group>";
		};
		069405772799EEE5009F8BD4 /* Modal */ = {
			isa = PBXGroup;
			children = (
				069405782799EEF5009F8BD4 /* Items.swift */,
				0694057A2799EF07009F8BD4 /* LocaisInfo.swift */,
			);
			path = Modal;
			sourceTree = "<group>";
		};
		069F137F26A5F73400DF12DF = {
			isa = PBXGroup;
			children = (
				069F138A26A5F73400DF12DF /* perifaAPP */,
				069F138926A5F73400DF12DF /* Products */,
			);
			sourceTree = "<group>";
		};
		069F138926A5F73400DF12DF /* Products */ = {
			isa = PBXGroup;
			children = (
				069F138826A5F73400DF12DF /* perifaAPP.app */,
			);
			name = Products;
			sourceTree = "<group>";
		};
		069F138A26A5F73400DF12DF /* perifaAPP */ = {
			isa = PBXGroup;
			children = (
				069405722799EE26009F8BD4 /* API */,
				0694056F2799EDE2009F8BD4 /* Modal */,
				06ED60AA2791235D00078DD1 /* Extension */,
				0621FAC426A60016005BA5E4 /* Delegates */,
				0621FAC226A5FFEA005BA5E4 /* Storyboard */,
				06DD1E9426A9C2ED003A1F87 /* Launchscreen */,
				0621FAC526A60064005BA5E4 /* Views */,
				069F139426A5F73500DF12DF /* Assets.xcassets */,
				069F139926A5F73500DF12DF /* Info.plist */,
			);
			path = perifaAPP;
			sourceTree = "<group>";
		};
		06DD1E9426A9C2ED003A1F87 /* Launchscreen */ = {
			isa = PBXGroup;
			children = (
				069F139626A5F73500DF12DF /* LaunchScreen.storyboard */,
			);
			path = Launchscreen;
			sourceTree = "<group>";
		};
		06DD1E9D26AB7AAB003A1F87 /* Página 1 - Descubra e Expansão */ = {
			isa = PBXGroup;
			children = (
				069FB6F026A6258E009FE0CC /* DiscoverViewController.swift */,
				069FB6E926A61E72009FE0CC /* DetailViewController.swift */,
			);
			name = "Página 1 - Descubra e Expansão";
			path = "Página 1 - Descubra e Expansão";
			sourceTree = "<group>";
		};
		06DD1E9E26AB7ACB003A1F87 /* Página 2 - Perto de Mim */ = {
			isa = PBXGroup;
			children = (
				069FB6EB26A61E86009FE0CC /* MapsViewController.swift */,
			);
			name = "Página 2 - Perto de Mim";
			sourceTree = "<group>";
		};
		06DD1E9F26AB7AF1003A1F87 /* Página 3 - Sobre */ = {
			isa = PBXGroup;
			children = (
				06AADFDF26B1C16E00CEB6CF /* formsPage.swift */,
				069FB6EE26A61E98009FE0CC /* aboutTheAppViewController.swift */,
				215A88922799F7F000A5306A /* ErrorViewController.swift */,
			);
			name = "Página 3 - Sobre";
			path = "Página 4 - Sobre";
			sourceTree = "<group>";
		};
		06ED60A727911EDD00078DD1 /* Onboarding */ = {
			isa = PBXGroup;
			children = (
				06ED60A827911EFC00078DD1 /* OnboardingViewController.swift */,
				06ED60AF279126F200078DD1 /* OnboardingCollectionViewCell.swift */,
			);
			name = Onboarding;
			sourceTree = "<group>";
		};
		06ED60AA2791235D00078DD1 /* Extension */ = {
			isa = PBXGroup;
			children = (
				06ED60AB2791237700078DD1 /* UIView+Extension.swift */,
				061B157527938D890037298D /* UIViewController+Extension.swift */,
				061B157727938ED60037298D /* UserDefaults+Extension.swift */,
				06708A4327A30B4E00D3E414 /* API+ImageExtension.swift */,
			);
			path = Extension;
			sourceTree = "<group>";
		};
/* End PBXGroup section */

/* Begin PBXNativeTarget section */
		069F138726A5F73400DF12DF /* perifaAPP */ = {
			isa = PBXNativeTarget;
			buildConfigurationList = 069F139C26A5F73500DF12DF /* Build configuration list for PBXNativeTarget "perifaAPP" */;
			buildPhases = (
				069F138426A5F73400DF12DF /* Sources */,
				069F138526A5F73400DF12DF /* Frameworks */,
				069F138626A5F73400DF12DF /* Resources */,
			);
			buildRules = (
			);
			dependencies = (
			);
			name = perifaAPP;
			productName = perifaAPP;
			productReference = 069F138826A5F73400DF12DF /* perifaAPP.app */;
			productType = "com.apple.product-type.application";
		};
/* End PBXNativeTarget section */

/* Begin PBXProject section */
		069F138026A5F73400DF12DF /* Project object */ = {
			isa = PBXProject;
			attributes = {
				LastSwiftUpdateCheck = 1250;
				LastUpgradeCheck = 1250;
				TargetAttributes = {
					069F138726A5F73400DF12DF = {
						CreatedOnToolsVersion = 12.5.1;
					};
				};
			};
			buildConfigurationList = 069F138326A5F73400DF12DF /* Build configuration list for PBXProject "perifaAPP" */;
			compatibilityVersion = "Xcode 9.3";
			developmentRegion = en;
			hasScannedForEncodings = 0;
			knownRegions = (
				en,
				Base,
			);
			mainGroup = 069F137F26A5F73400DF12DF;
			productRefGroup = 069F138926A5F73400DF12DF /* Products */;
			projectDirPath = "";
			projectRoot = "";
			targets = (
				069F138726A5F73400DF12DF /* perifaAPP */,
			);
		};
/* End PBXProject section */

/* Begin PBXResourcesBuildPhase section */
		069F138626A5F73400DF12DF /* Resources */ = {
			isa = PBXResourcesBuildPhase;
			buildActionMask = 2147483647;
			files = (
				069F139826A5F73500DF12DF /* LaunchScreen.storyboard in Resources */,
				069F139526A5F73500DF12DF /* Assets.xcassets in Resources */,
				069F139326A5F73400DF12DF /* Main.storyboard in Resources */,
			);
			runOnlyForDeploymentPostprocessing = 0;
		};
/* End PBXResourcesBuildPhase section */

/* Begin PBXSourcesBuildPhase section */
		069F138426A5F73400DF12DF /* Sources */ = {
			isa = PBXSourcesBuildPhase;
			buildActionMask = 2147483647;
			files = (
				061B157627938D890037298D /* UIViewController+Extension.swift in Sources */,
				069FB6EF26A61E98009FE0CC /* aboutTheAppViewController.swift in Sources */,
				06ED60B0279126F200078DD1 /* OnboardingCollectionViewCell.swift in Sources */,
				061B157827938ED60037298D /* UserDefaults+Extension.swift in Sources */,
				06ED60AC2791237700078DD1 /* UIView+Extension.swift in Sources */,
				215A88932799F7F000A5306A /* ErrorViewController.swift in Sources */,
				069F138C26A5F73400DF12DF /* AppDelegate.swift in Sources */,
				069F138E26A5F73400DF12DF /* SceneDelegate.swift in Sources */,
				069FB6EC26A61E86009FE0CC /* MapsViewController.swift in Sources */,
				069405712799EDED009F8BD4 /* Local.swift in Sources */,
				069FB6F126A6258E009FE0CC /* DiscoverViewController.swift in Sources */,
				0694057B2799EF07009F8BD4 /* LocaisInfo.swift in Sources */,
				06708A4427A30B4E00D3E414 /* API+ImageExtension.swift in Sources */,
				06ED60A927911EFC00078DD1 /* OnboardingViewController.swift in Sources */,
				069FB6EA26A61E72009FE0CC /* DetailViewController.swift in Sources */,
				069405792799EEF5009F8BD4 /* Items.swift in Sources */,
				069405762799EE56009F8BD4 /* APIManeger.swift in Sources */,
				06AADFE026B1C16E00CEB6CF /* formsPage.swift in Sources */,
				069405742799EE33009F8BD4 /* APIError.swift in Sources */,
			);
			runOnlyForDeploymentPostprocessing = 0;
		};
/* End PBXSourcesBuildPhase section */

/* Begin PBXVariantGroup section */
		069F139126A5F73400DF12DF /* Main.storyboard */ = {
			isa = PBXVariantGroup;
			children = (
				069F139226A5F73400DF12DF /* Base */,
			);
			name = Main.storyboard;
			sourceTree = "<group>";
		};
		069F139626A5F73500DF12DF /* LaunchScreen.storyboard */ = {
			isa = PBXVariantGroup;
			children = (
				069F139726A5F73500DF12DF /* Base */,
			);
			name = LaunchScreen.storyboard;
			sourceTree = "<group>";
		};
/* End PBXVariantGroup section */

/* Begin XCBuildConfiguration section */
		069F139A26A5F73500DF12DF /* Debug */ = {
			isa = XCBuildConfiguration;
			buildSettings = {
				ALWAYS_SEARCH_USER_PATHS = NO;
				CLANG_ANALYZER_NONNULL = YES;
				CLANG_ANALYZER_NUMBER_OBJECT_CONVERSION = YES_AGGRESSIVE;
				CLANG_CXX_LANGUAGE_STANDARD = "gnu++14";
				CLANG_CXX_LIBRARY = "libc++";
				CLANG_ENABLE_MODULES = YES;
				CLANG_ENABLE_OBJC_ARC = YES;
				CLANG_ENABLE_OBJC_WEAK = YES;
				CLANG_WARN_BLOCK_CAPTURE_AUTORELEASING = YES;
				CLANG_WARN_BOOL_CONVERSION = YES;
				CLANG_WARN_COMMA = YES;
				CLANG_WARN_CONSTANT_CONVERSION = YES;
				CLANG_WARN_DEPRECATED_OBJC_IMPLEMENTATIONS = YES;
				CLANG_WARN_DIRECT_OBJC_ISA_USAGE = YES_ERROR;
				CLANG_WARN_DOCUMENTATION_COMMENTS = YES;
				CLANG_WARN_EMPTY_BODY = YES;
				CLANG_WARN_ENUM_CONVERSION = YES;
				CLANG_WARN_INFINITE_RECURSION = YES;
				CLANG_WARN_INT_CONVERSION = YES;
				CLANG_WARN_NON_LITERAL_NULL_CONVERSION = YES;
				CLANG_WARN_OBJC_IMPLICIT_RETAIN_SELF = YES;
				CLANG_WARN_OBJC_LITERAL_CONVERSION = YES;
				CLANG_WARN_OBJC_ROOT_CLASS = YES_ERROR;
				CLANG_WARN_QUOTED_INCLUDE_IN_FRAMEWORK_HEADER = YES;
				CLANG_WARN_RANGE_LOOP_ANALYSIS = YES;
				CLANG_WARN_STRICT_PROTOTYPES = YES;
				CLANG_WARN_SUSPICIOUS_MOVE = YES;
				CLANG_WARN_UNGUARDED_AVAILABILITY = YES_AGGRESSIVE;
				CLANG_WARN_UNREACHABLE_CODE = YES;
				CLANG_WARN__DUPLICATE_METHOD_MATCH = YES;
				COPY_PHASE_STRIP = NO;
				DEBUG_INFORMATION_FORMAT = dwarf;
				ENABLE_STRICT_OBJC_MSGSEND = YES;
				ENABLE_TESTABILITY = YES;
				GCC_C_LANGUAGE_STANDARD = gnu11;
				GCC_DYNAMIC_NO_PIC = NO;
				GCC_NO_COMMON_BLOCKS = YES;
				GCC_OPTIMIZATION_LEVEL = 0;
				GCC_PREPROCESSOR_DEFINITIONS = (
					"DEBUG=1",
					"$(inherited)",
				);
				GCC_WARN_64_TO_32_BIT_CONVERSION = YES;
				GCC_WARN_ABOUT_RETURN_TYPE = YES_ERROR;
				GCC_WARN_UNDECLARED_SELECTOR = YES;
				GCC_WARN_UNINITIALIZED_AUTOS = YES_AGGRESSIVE;
				GCC_WARN_UNUSED_FUNCTION = YES;
				GCC_WARN_UNUSED_VARIABLE = YES;
				IPHONEOS_DEPLOYMENT_TARGET = 14.5;
				MTL_ENABLE_DEBUG_INFO = INCLUDE_SOURCE;
				MTL_FAST_MATH = YES;
				ONLY_ACTIVE_ARCH = YES;
				SDKROOT = iphoneos;
				SWIFT_ACTIVE_COMPILATION_CONDITIONS = DEBUG;
				SWIFT_OPTIMIZATION_LEVEL = "-Onone";
			};
			name = Debug;
		};
		069F139B26A5F73500DF12DF /* Release */ = {
			isa = XCBuildConfiguration;
			buildSettings = {
				ALWAYS_SEARCH_USER_PATHS = NO;
				CLANG_ANALYZER_NONNULL = YES;
				CLANG_ANALYZER_NUMBER_OBJECT_CONVERSION = YES_AGGRESSIVE;
				CLANG_CXX_LANGUAGE_STANDARD = "gnu++14";
				CLANG_CXX_LIBRARY = "libc++";
				CLANG_ENABLE_MODULES = YES;
				CLANG_ENABLE_OBJC_ARC = YES;
				CLANG_ENABLE_OBJC_WEAK = YES;
				CLANG_WARN_BLOCK_CAPTURE_AUTORELEASING = YES;
				CLANG_WARN_BOOL_CONVERSION = YES;
				CLANG_WARN_COMMA = YES;
				CLANG_WARN_CONSTANT_CONVERSION = YES;
				CLANG_WARN_DEPRECATED_OBJC_IMPLEMENTATIONS = YES;
				CLANG_WARN_DIRECT_OBJC_ISA_USAGE = YES_ERROR;
				CLANG_WARN_DOCUMENTATION_COMMENTS = YES;
				CLANG_WARN_EMPTY_BODY = YES;
				CLANG_WARN_ENUM_CONVERSION = YES;
				CLANG_WARN_INFINITE_RECURSION = YES;
				CLANG_WARN_INT_CONVERSION = YES;
				CLANG_WARN_NON_LITERAL_NULL_CONVERSION = YES;
				CLANG_WARN_OBJC_IMPLICIT_RETAIN_SELF = YES;
				CLANG_WARN_OBJC_LITERAL_CONVERSION = YES;
				CLANG_WARN_OBJC_ROOT_CLASS = YES_ERROR;
				CLANG_WARN_QUOTED_INCLUDE_IN_FRAMEWORK_HEADER = YES;
				CLANG_WARN_RANGE_LOOP_ANALYSIS = YES;
				CLANG_WARN_STRICT_PROTOTYPES = YES;
				CLANG_WARN_SUSPICIOUS_MOVE = YES;
				CLANG_WARN_UNGUARDED_AVAILABILITY = YES_AGGRESSIVE;
				CLANG_WARN_UNREACHABLE_CODE = YES;
				CLANG_WARN__DUPLICATE_METHOD_MATCH = YES;
				COPY_PHASE_STRIP = NO;
				DEBUG_INFORMATION_FORMAT = "dwarf-with-dsym";
				ENABLE_NS_ASSERTIONS = NO;
				ENABLE_STRICT_OBJC_MSGSEND = YES;
				GCC_C_LANGUAGE_STANDARD = gnu11;
				GCC_NO_COMMON_BLOCKS = YES;
				GCC_WARN_64_TO_32_BIT_CONVERSION = YES;
				GCC_WARN_ABOUT_RETURN_TYPE = YES_ERROR;
				GCC_WARN_UNDECLARED_SELECTOR = YES;
				GCC_WARN_UNINITIALIZED_AUTOS = YES_AGGRESSIVE;
				GCC_WARN_UNUSED_FUNCTION = YES;
				GCC_WARN_UNUSED_VARIABLE = YES;
				IPHONEOS_DEPLOYMENT_TARGET = 14.5;
				MTL_ENABLE_DEBUG_INFO = NO;
				MTL_FAST_MATH = YES;
				SDKROOT = iphoneos;
				SWIFT_COMPILATION_MODE = wholemodule;
				SWIFT_OPTIMIZATION_LEVEL = "-O";
				VALIDATE_PRODUCT = YES;
			};
			name = Release;
		};
		069F139D26A5F73500DF12DF /* Debug */ = {
			isa = XCBuildConfiguration;
			buildSettings = {
				ASSETCATALOG_COMPILER_APPICON_NAME = AppIcon;
				ASSETCATALOG_COMPILER_GLOBAL_ACCENT_COLOR_NAME = AccentColor;
				CODE_SIGN_STYLE = Automatic;
				CURRENT_PROJECT_VERSION = 1.5;
				DEVELOPMENT_TEAM = 534V229RMK;
				INFOPLIST_FILE = perifaAPP/Info.plist;
				LD_RUNPATH_SEARCH_PATHS = (
					"$(inherited)",
					"@executable_path/Frameworks",
				);
				MARKETING_VERSION = 0.1.1;
				PRODUCT_BUNDLE_IDENTIFIER = br.dev.thallis.perifaAPP;
				PRODUCT_NAME = "$(TARGET_NAME)";
				SWIFT_VERSION = 5.0;
				TARGETED_DEVICE_FAMILY = 1;
			};
			name = Debug;
		};
		069F139E26A5F73500DF12DF /* Release */ = {
			isa = XCBuildConfiguration;
			buildSettings = {
				ASSETCATALOG_COMPILER_APPICON_NAME = AppIcon;
				ASSETCATALOG_COMPILER_GLOBAL_ACCENT_COLOR_NAME = AccentColor;
				CODE_SIGN_STYLE = Automatic;
				CURRENT_PROJECT_VERSION = 1.5;
				DEVELOPMENT_TEAM = 534V229RMK;
				INFOPLIST_FILE = perifaAPP/Info.plist;
				LD_RUNPATH_SEARCH_PATHS = (
					"$(inherited)",
					"@executable_path/Frameworks",
				);
				MARKETING_VERSION = 0.1.1;
				PRODUCT_BUNDLE_IDENTIFIER = br.dev.thallis.perifaAPP;
				PRODUCT_NAME = "$(TARGET_NAME)";
				SWIFT_VERSION = 5.0;
				TARGETED_DEVICE_FAMILY = 1;
			};
			name = Release;
		};
/* End XCBuildConfiguration section */

/* Begin XCConfigurationList section */
		069F138326A5F73400DF12DF /* Build configuration list for PBXProject "perifaAPP" */ = {
			isa = XCConfigurationList;
			buildConfigurations = (
				069F139A26A5F73500DF12DF /* Debug */,
				069F139B26A5F73500DF12DF /* Release */,
			);
			defaultConfigurationIsVisible = 0;
			defaultConfigurationName = Release;
		};
		069F139C26A5F73500DF12DF /* Build configuration list for PBXNativeTarget "perifaAPP" */ = {
			isa = XCConfigurationList;
			buildConfigurations = (
				069F139D26A5F73500DF12DF /* Debug */,
				069F139E26A5F73500DF12DF /* Release */,
			);
			defaultConfigurationIsVisible = 0;
			defaultConfigurationName = Release;
		};
/* End XCConfigurationList section */
	};
	rootObject = 069F138026A5F73400DF12DF /* Project object */;
}
